// !$*UTF8*$!
{
	archiveVersion = 1;
	classes = {
	};
	objectVersion = 50;
	objects = {

/* Begin PBXBuildFile section */
		06FD8C324F2993AA715BE1E8 /* Pods_TextNow_Chat_App.framework in Frameworks */ = {isa = PBXBuildFile; fileRef = 149487F804F69DB5539A1246 /* Pods_TextNow_Chat_App.framework */; };
		211CC2102214E1940028A25D /* Main.storyboard in Resources */ = {isa = PBXBuildFile; fileRef = 211CC20E2214E1940028A25D /* Main.storyboard */; };
		211CC2122214E1950028A25D /* Assets.xcassets in Resources */ = {isa = PBXBuildFile; fileRef = 211CC2112214E1950028A25D /* Assets.xcassets */; };
		211CC2152214E1950028A25D /* LaunchScreen.storyboard in Resources */ = {isa = PBXBuildFile; fileRef = 211CC2132214E1950028A25D /* LaunchScreen.storyboard */; };
		211CC2222214ECAF0028A25D /* GoogleService-Info.plist in Resources */ = {isa = PBXBuildFile; fileRef = 211CC2212214ECAF0028A25D /* GoogleService-Info.plist */; };
		2171A851221A5698000CA3E4 /* Message.swift in Sources */ = {isa = PBXBuildFile; fileRef = 2171A850221A5698000CA3E4 /* Message.swift */; };
		2171A86B221A62A7000CA3E4 /* AppDelegate.swift in Sources */ = {isa = PBXBuildFile; fileRef = 2171A862221A62A5000CA3E4 /* AppDelegate.swift */; };
		2171A86C221A62A7000CA3E4 /* SignInViewController.swift in Sources */ = {isa = PBXBuildFile; fileRef = 2171A863221A62A5000CA3E4 /* SignInViewController.swift */; };
		2171A86E221A62A7000CA3E4 /* InitialViewController.swift in Sources */ = {isa = PBXBuildFile; fileRef = 2171A865221A62A5000CA3E4 /* InitialViewController.swift */; };
		2171A86F221A62A7000CA3E4 /* NewMessageViewController.swift in Sources */ = {isa = PBXBuildFile; fileRef = 2171A866221A62A5000CA3E4 /* NewMessageViewController.swift */; };
		2171A870221A62A7000CA3E4 /* CreateAccountViewController.swift in Sources */ = {isa = PBXBuildFile; fileRef = 2171A867221A62A6000CA3E4 /* CreateAccountViewController.swift */; };
		2171A871221A62A7000CA3E4 /* MessagesViewController.swift in Sources */ = {isa = PBXBuildFile; fileRef = 2171A868221A62A6000CA3E4 /* MessagesViewController.swift */; };
		2171A872221A62A7000CA3E4 /* NewMessageTableViewCell.swift in Sources */ = {isa = PBXBuildFile; fileRef = 2171A869221A62A6000CA3E4 /* NewMessageTableViewCell.swift */; };
		2171A873221A62A7000CA3E4 /* MessagesTableViewCell.swift in Sources */ = {isa = PBXBuildFile; fileRef = 2171A86A221A62A6000CA3E4 /* MessagesTableViewCell.swift */; };
		217B093F2219042A0070DFA8 /* Extensions.swift in Sources */ = {isa = PBXBuildFile; fileRef = 217B093E2219042A0070DFA8 /* Extensions.swift */; };
		217D6E7122188EF2005BADDE /* User.swift in Sources */ = {isa = PBXBuildFile; fileRef = 217D6E7022188EF2005BADDE /* User.swift */; };
/* End PBXBuildFile section */

/* Begin PBXFileReference section */
		149487F804F69DB5539A1246 /* Pods_TextNow_Chat_App.framework */ = {isa = PBXFileReference; explicitFileType = wrapper.framework; includeInIndex = 0; path = Pods_TextNow_Chat_App.framework; sourceTree = BUILT_PRODUCTS_DIR; };
		211CC2072214E1940028A25D /* TextNow Chat App.app */ = {isa = PBXFileReference; explicitFileType = wrapper.application; includeInIndex = 0; path = "TextNow Chat App.app"; sourceTree = BUILT_PRODUCTS_DIR; };
		211CC20F2214E1940028A25D /* Base */ = {isa = PBXFileReference; lastKnownFileType = file.storyboard; name = Base; path = Base.lproj/Main.storyboard; sourceTree = "<group>"; };
		211CC2112214E1950028A25D /* Assets.xcassets */ = {isa = PBXFileReference; lastKnownFileType = folder.assetcatalog; path = Assets.xcassets; sourceTree = "<group>"; };
		211CC2142214E1950028A25D /* Base */ = {isa = PBXFileReference; lastKnownFileType = file.storyboard; name = Base; path = Base.lproj/LaunchScreen.storyboard; sourceTree = "<group>"; };
		211CC2162214E1950028A25D /* Info.plist */ = {isa = PBXFileReference; lastKnownFileType = text.plist.xml; path = Info.plist; sourceTree = "<group>"; };
		211CC21E2214E5FF0028A25D /* TextNow Chat App.entitlements */ = {isa = PBXFileReference; lastKnownFileType = text.plist.entitlements; path = "TextNow Chat App.entitlements"; sourceTree = "<group>"; };
		211CC2212214ECAF0028A25D /* GoogleService-Info.plist */ = {isa = PBXFileReference; fileEncoding = 4; lastKnownFileType = text.plist.xml; path = "GoogleService-Info.plist"; sourceTree = "<group>"; };
		2171A850221A5698000CA3E4 /* Message.swift */ = {isa = PBXFileReference; fileEncoding = 4; lastKnownFileType = sourcecode.swift; path = Message.swift; sourceTree = "<group>"; };
		2171A862221A62A5000CA3E4 /* AppDelegate.swift */ = {isa = PBXFileReference; fileEncoding = 4; lastKnownFileType = sourcecode.swift; path = AppDelegate.swift; sourceTree = "<group>"; };
		2171A863221A62A5000CA3E4 /* SignInViewController.swift */ = {isa = PBXFileReference; fileEncoding = 4; lastKnownFileType = sourcecode.swift; path = SignInViewController.swift; sourceTree = "<group>"; };
		2171A865221A62A5000CA3E4 /* InitialViewController.swift */ = {isa = PBXFileReference; fileEncoding = 4; lastKnownFileType = sourcecode.swift; path = InitialViewController.swift; sourceTree = "<group>"; };
		2171A866221A62A5000CA3E4 /* NewMessageViewController.swift */ = {isa = PBXFileReference; fileEncoding = 4; lastKnownFileType = sourcecode.swift; path = NewMessageViewController.swift; sourceTree = "<group>"; };
		2171A867221A62A6000CA3E4 /* CreateAccountViewController.swift */ = {isa = PBXFileReference; fileEncoding = 4; lastKnownFileType = sourcecode.swift; path = CreateAccountViewController.swift; sourceTree = "<group>"; };
		2171A868221A62A6000CA3E4 /* MessagesViewController.swift */ = {isa = PBXFileReference; fileEncoding = 4; lastKnownFileType = sourcecode.swift; path = MessagesViewController.swift; sourceTree = "<group>"; };
		2171A869221A62A6000CA3E4 /* NewMessageTableViewCell.swift */ = {isa = PBXFileReference; fileEncoding = 4; lastKnownFileType = sourcecode.swift; path = NewMessageTableViewCell.swift; sourceTree = "<group>"; };
		2171A86A221A62A6000CA3E4 /* MessagesTableViewCell.swift */ = {isa = PBXFileReference; fileEncoding = 4; lastKnownFileType = sourcecode.swift; path = MessagesTableViewCell.swift; sourceTree = "<group>"; };
		217B093E2219042A0070DFA8 /* Extensions.swift */ = {isa = PBXFileReference; lastKnownFileType = sourcecode.swift; path = Extensions.swift; sourceTree = "<group>"; };
		217D6E7022188EF2005BADDE /* User.swift */ = {isa = PBXFileReference; lastKnownFileType = sourcecode.swift; path = User.swift; sourceTree = "<group>"; };
		BE7CBBEF9B3DC46ECFAE8746 /* Pods-TextNow Chat App.debug.xcconfig */ = {isa = PBXFileReference; includeInIndex = 1; lastKnownFileType = text.xcconfig; name = "Pods-TextNow Chat App.debug.xcconfig"; path = "Pods/Target Support Files/Pods-TextNow Chat App/Pods-TextNow Chat App.debug.xcconfig"; sourceTree = "<group>"; };
		D44A581486231B1ACB360499 /* Pods-TextNow Chat App.release.xcconfig */ = {isa = PBXFileReference; includeInIndex = 1; lastKnownFileType = text.xcconfig; name = "Pods-TextNow Chat App.release.xcconfig"; path = "Pods/Target Support Files/Pods-TextNow Chat App/Pods-TextNow Chat App.release.xcconfig"; sourceTree = "<group>"; };
/* End PBXFileReference section */

/* Begin PBXFrameworksBuildPhase section */
		211CC2042214E1940028A25D /* Frameworks */ = {
			isa = PBXFrameworksBuildPhase;
			buildActionMask = 2147483647;
			files = (
				06FD8C324F2993AA715BE1E8 /* Pods_TextNow_Chat_App.framework in Frameworks */,
			);
			runOnlyForDeploymentPostprocessing = 0;
		};
/* End PBXFrameworksBuildPhase section */

/* Begin PBXGroup section */
		211CC1FE2214E1940028A25D = {
			isa = PBXGroup;
			children = (
				211CC2092214E1940028A25D /* TextNow Chat App */,
				AA279CABEAC10F299D6BD285 /* Pods */,
				82C58AB40E812AF6E629715B /* Frameworks */,
			);
			sourceTree = "<group>";
		};
		211CC2082214E1940028A25D /* Products */ = {
			isa = PBXGroup;
			children = (
				211CC2072214E1940028A25D /* TextNow Chat App.app */,
			);
			name = Products;
			path = ..;
			sourceTree = "<group>";
		};
		211CC2092214E1940028A25D /* TextNow Chat App */ = {
			isa = PBXGroup;
			children = (
				2171A876221A6323000CA3E4 /* Controllers */,
				2171A874221A630B000CA3E4 /* View */,
				217B093D221904190070DFA8 /* Helpers */,
				217D6E6D22188A2C005BADDE /* Model */,
				211CC21E2214E5FF0028A25D /* TextNow Chat App.entitlements */,
				2171A862221A62A5000CA3E4 /* AppDelegate.swift */,
				211CC20E2214E1940028A25D /* Main.storyboard */,
				211CC2112214E1950028A25D /* Assets.xcassets */,
				211CC2132214E1950028A25D /* LaunchScreen.storyboard */,
				211CC2162214E1950028A25D /* Info.plist */,
				211CC2212214ECAF0028A25D /* GoogleService-Info.plist */,
				211CC2082214E1940028A25D /* Products */,
			);
			path = "TextNow Chat App";
			sourceTree = "<group>";
		};
		2171A874221A630B000CA3E4 /* View */ = {
			isa = PBXGroup;
			children = (
				2171A86A221A62A6000CA3E4 /* MessagesTableViewCell.swift */,
				2171A869221A62A6000CA3E4 /* NewMessageTableViewCell.swift */,
			);
			name = View;
			path = "New Group";
			sourceTree = "<group>";
		};
		2171A876221A6323000CA3E4 /* Controllers */ = {
			isa = PBXGroup;
			children = (
				2171A865221A62A5000CA3E4 /* InitialViewController.swift */,
				2171A867221A62A6000CA3E4 /* CreateAccountViewController.swift */,
				2171A863221A62A5000CA3E4 /* SignInViewController.swift */,
				2171A868221A62A6000CA3E4 /* MessagesViewController.swift */,
				2171A866221A62A5000CA3E4 /* NewMessageViewController.swift */,
			);
			path = Controllers;
			sourceTree = "<group>";
		};
		217B093D221904190070DFA8 /* Helpers */ = {
			isa = PBXGroup;
			children = (
				217B093E2219042A0070DFA8 /* Extensions.swift */,
			);
			path = Helpers;
			sourceTree = "<group>";
		};
		217D6E6D22188A2C005BADDE /* Model */ = {
			isa = PBXGroup;
			children = (
				217D6E7022188EF2005BADDE /* User.swift */,
				2171A850221A5698000CA3E4 /* Message.swift */,
			);
			path = Model;
			sourceTree = "<group>";
		};
		82C58AB40E812AF6E629715B /* Frameworks */ = {
			isa = PBXGroup;
			children = (
				149487F804F69DB5539A1246 /* Pods_TextNow_Chat_App.framework */,
			);
			name = Frameworks;
			sourceTree = "<group>";
		};
		AA279CABEAC10F299D6BD285 /* Pods */ = {
			isa = PBXGroup;
			children = (
				BE7CBBEF9B3DC46ECFAE8746 /* Pods-TextNow Chat App.debug.xcconfig */,
				D44A581486231B1ACB360499 /* Pods-TextNow Chat App.release.xcconfig */,
			);
			name = Pods;
			sourceTree = "<group>";
		};
/* End PBXGroup section */

/* Begin PBXNativeTarget section */
		211CC2062214E1940028A25D /* TextNow Chat App */ = {
			isa = PBXNativeTarget;
			buildConfigurationList = 211CC2192214E1950028A25D /* Build configuration list for PBXNativeTarget "TextNow Chat App" */;
			buildPhases = (
				02F6D676F27B61F015937B5E /* [CP] Check Pods Manifest.lock */,
				211CC2032214E1940028A25D /* Sources */,
				211CC2042214E1940028A25D /* Frameworks */,
				211CC2052214E1940028A25D /* Resources */,
				0D237D45AEA04A505FEFCCEA /* [CP] Embed Pods Frameworks */,
			);
			buildRules = (
			);
			dependencies = (
			);
			name = "TextNow Chat App";
			productName = "TextNow Chat App";
			productReference = 211CC2072214E1940028A25D /* TextNow Chat App.app */;
			productType = "com.apple.product-type.application";
		};
/* End PBXNativeTarget section */

/* Begin PBXProject section */
		211CC1FF2214E1940028A25D /* Project object */ = {
			isa = PBXProject;
			attributes = {
				LastSwiftUpdateCheck = 1010;
				LastUpgradeCheck = 1010;
				ORGANIZATIONNAME = "Aaron Treinish";
				TargetAttributes = {
					211CC2062214E1940028A25D = {
						CreatedOnToolsVersion = 10.1;
						SystemCapabilities = {
							com.apple.BackgroundModes = {
								enabled = 1;
							};
							com.apple.Push = {
								enabled = 1;
							};
						};
					};
				};
			};
			buildConfigurationList = 211CC2022214E1940028A25D /* Build configuration list for PBXProject "TextNow Chat App" */;
			compatibilityVersion = "Xcode 9.3";
			developmentRegion = en;
			hasScannedForEncodings = 0;
			knownRegions = (
				en,
				Base,
			);
			mainGroup = 211CC1FE2214E1940028A25D;
			productRefGroup = 211CC2082214E1940028A25D /* Products */;
			projectDirPath = "";
			projectRoot = "";
			targets = (
				211CC2062214E1940028A25D /* TextNow Chat App */,
			);
		};
/* End PBXProject section */

/* Begin PBXResourcesBuildPhase section */
		211CC2052214E1940028A25D /* Resources */ = {
			isa = PBXResourcesBuildPhase;
			buildActionMask = 2147483647;
			files = (
				211CC2152214E1950028A25D /* LaunchScreen.storyboard in Resources */,
				211CC2122214E1950028A25D /* Assets.xcassets in Resources */,
				211CC2102214E1940028A25D /* Main.storyboard in Resources */,
				211CC2222214ECAF0028A25D /* GoogleService-Info.plist in Resources */,
			);
			runOnlyForDeploymentPostprocessing = 0;
		};
/* End PBXResourcesBuildPhase section */

/* Begin PBXShellScriptBuildPhase section */
		02F6D676F27B61F015937B5E /* [CP] Check Pods Manifest.lock */ = {
			isa = PBXShellScriptBuildPhase;
			buildActionMask = 2147483647;
			files = (
			);
			inputPaths = (
				"${PODS_PODFILE_DIR_PATH}/Podfile.lock",
				"${PODS_ROOT}/Manifest.lock",
			);
			name = "[CP] Check Pods Manifest.lock";
			outputPaths = (
				"$(DERIVED_FILE_DIR)/Pods-TextNow Chat App-checkManifestLockResult.txt",
			);
			runOnlyForDeploymentPostprocessing = 0;
			shellPath = /bin/sh;
			shellScript = "diff \"${PODS_PODFILE_DIR_PATH}/Podfile.lock\" \"${PODS_ROOT}/Manifest.lock\" > /dev/null\nif [ $? != 0 ] ; then\n    # print error to STDERR\n    echo \"error: The sandbox is not in sync with the Podfile.lock. Run 'pod install' or update your CocoaPods installation.\" >&2\n    exit 1\nfi\n# This output is used by Xcode 'outputs' to avoid re-running this script phase.\necho \"SUCCESS\" > \"${SCRIPT_OUTPUT_FILE_0}\"\n";
			showEnvVarsInLog = 0;
		};
		0D237D45AEA04A505FEFCCEA /* [CP] Embed Pods Frameworks */ = {
			isa = PBXShellScriptBuildPhase;
			buildActionMask = 2147483647;
			files = (
			);
			inputPaths = (
				"${SRCROOT}/Pods/Target Support Files/Pods-TextNow Chat App/Pods-TextNow Chat App-frameworks.sh",
				"${BUILT_PRODUCTS_DIR}/GTMSessionFetcher/GTMSessionFetcher.framework",
				"${BUILT_PRODUCTS_DIR}/GoogleToolboxForMac/GoogleToolboxForMac.framework",
				"${BUILT_PRODUCTS_DIR}/ProgressHUD/ProgressHUD.framework",
				"${BUILT_PRODUCTS_DIR}/leveldb-library/leveldb.framework",
				"${BUILT_PRODUCTS_DIR}/nanopb/nanopb.framework",
			);
			name = "[CP] Embed Pods Frameworks";
			outputPaths = (
				"${TARGET_BUILD_DIR}/${FRAMEWORKS_FOLDER_PATH}/GTMSessionFetcher.framework",
				"${TARGET_BUILD_DIR}/${FRAMEWORKS_FOLDER_PATH}/GoogleToolboxForMac.framework",
				"${TARGET_BUILD_DIR}/${FRAMEWORKS_FOLDER_PATH}/ProgressHUD.framework",
				"${TARGET_BUILD_DIR}/${FRAMEWORKS_FOLDER_PATH}/leveldb.framework",
				"${TARGET_BUILD_DIR}/${FRAMEWORKS_FOLDER_PATH}/nanopb.framework",
			);
			runOnlyForDeploymentPostprocessing = 0;
			shellPath = /bin/sh;
			shellScript = "\"${SRCROOT}/Pods/Target Support Files/Pods-TextNow Chat App/Pods-TextNow Chat App-frameworks.sh\"\n";
			showEnvVarsInLog = 0;
		};
/* End PBXShellScriptBuildPhase section */

/* Begin PBXSourcesBuildPhase section */
		211CC2032214E1940028A25D /* Sources */ = {
			isa = PBXSourcesBuildPhase;
			buildActionMask = 2147483647;
			files = (
				2171A86E221A62A7000CA3E4 /* InitialViewController.swift in Sources */,
				2171A86B221A62A7000CA3E4 /* AppDelegate.swift in Sources */,
				2171A851221A5698000CA3E4 /* Message.swift in Sources */,
				2171A870221A62A7000CA3E4 /* CreateAccountViewController.swift in Sources */,
				2171A86F221A62A7000CA3E4 /* NewMessageViewController.swift in Sources */,
				2171A86C221A62A7000CA3E4 /* SignInViewController.swift in Sources */,
				217B093F2219042A0070DFA8 /* Extensions.swift in Sources */,
				2171A871221A62A7000CA3E4 /* MessagesViewController.swift in Sources */,
				217D6E7122188EF2005BADDE /* User.swift in Sources */,
				2171A873221A62A7000CA3E4 /* MessagesTableViewCell.swift in Sources */,
				2171A872221A62A7000CA3E4 /* NewMessageTableViewCell.swift in Sources */,
			);
			runOnlyForDeploymentPostprocessing = 0;
		};
/* End PBXSourcesBuildPhase section */

/* Begin PBXVariantGroup section */
		211CC20E2214E1940028A25D /* Main.storyboard */ = {
			isa = PBXVariantGroup;
			children = (
				211CC20F2214E1940028A25D /* Base */,
			);
			name = Main.storyboard;
			sourceTree = "<group>";
		};
		211CC2132214E1950028A25D /* LaunchScreen.storyboard */ = {
			isa = PBXVariantGroup;
			children = (
				211CC2142214E1950028A25D /* Base */,
			);
			name = LaunchScreen.storyboard;
			sourceTree = "<group>";
		};
/* End PBXVariantGroup section */

/* Begin XCBuildConfiguration section */
		211CC2172214E1950028A25D /* Debug */ = {
			isa = XCBuildConfiguration;
			buildSettings = {
				ALWAYS_SEARCH_USER_PATHS = NO;
				CLANG_ANALYZER_NONNULL = YES;
				CLANG_ANALYZER_NUMBER_OBJECT_CONVERSION = YES_AGGRESSIVE;
				CLANG_CXX_LANGUAGE_STANDARD = "gnu++14";
				CLANG_CXX_LIBRARY = "libc++";
				CLANG_ENABLE_MODULES = YES;
				CLANG_ENABLE_OBJC_ARC = YES;
				CLANG_ENABLE_OBJC_WEAK = YES;
				CLANG_WARN_BLOCK_CAPTURE_AUTORELEASING = YES;
				CLANG_WARN_BOOL_CONVERSION = YES;
				CLANG_WARN_COMMA = YES;
				CLANG_WARN_CONSTANT_CONVERSION = YES;
				CLANG_WARN_DEPRECATED_OBJC_IMPLEMENTATIONS = YES;
				CLANG_WARN_DIRECT_OBJC_ISA_USAGE = YES_ERROR;
				CLANG_WARN_DOCUMENTATION_COMMENTS = YES;
				CLANG_WARN_EMPTY_BODY = YES;
				CLANG_WARN_ENUM_CONVERSION = YES;
				CLANG_WARN_INFINITE_RECURSION = YES;
				CLANG_WARN_INT_CONVERSION = YES;
				CLANG_WARN_NON_LITERAL_NULL_CONVERSION = YES;
				CLANG_WARN_OBJC_IMPLICIT_RETAIN_SELF = YES;
				CLANG_WARN_OBJC_LITERAL_CONVERSION = YES;
				CLANG_WARN_OBJC_ROOT_CLASS = YES_ERROR;
				CLANG_WARN_RANGE_LOOP_ANALYSIS = YES;
				CLANG_WARN_STRICT_PROTOTYPES = YES;
				CLANG_WARN_SUSPICIOUS_MOVE = YES;
				CLANG_WARN_UNGUARDED_AVAILABILITY = YES_AGGRESSIVE;
				CLANG_WARN_UNREACHABLE_CODE = YES;
				CLANG_WARN__DUPLICATE_METHOD_MATCH = YES;
				CODE_SIGN_IDENTITY = "iPhone Developer";
				COPY_PHASE_STRIP = NO;
				DEBUG_INFORMATION_FORMAT = dwarf;
				ENABLE_STRICT_OBJC_MSGSEND = YES;
				ENABLE_TESTABILITY = YES;
				GCC_C_LANGUAGE_STANDARD = gnu11;
				GCC_DYNAMIC_NO_PIC = NO;
				GCC_NO_COMMON_BLOCKS = YES;
				GCC_OPTIMIZATION_LEVEL = 0;
				GCC_PREPROCESSOR_DEFINITIONS = (
					"DEBUG=1",
					"$(inherited)",
				);
				GCC_WARN_64_TO_32_BIT_CONVERSION = YES;
				GCC_WARN_ABOUT_RETURN_TYPE = YES_ERROR;
				GCC_WARN_UNDECLARED_SELECTOR = YES;
				GCC_WARN_UNINITIALIZED_AUTOS = YES_AGGRESSIVE;
				GCC_WARN_UNUSED_FUNCTION = YES;
				GCC_WARN_UNUSED_VARIABLE = YES;
				IPHONEOS_DEPLOYMENT_TARGET = 12.1;
				MTL_ENABLE_DEBUG_INFO = INCLUDE_SOURCE;
				MTL_FAST_MATH = YES;
				ONLY_ACTIVE_ARCH = YES;
				SDKROOT = iphoneos;
				SWIFT_ACTIVE_COMPILATION_CONDITIONS = DEBUG;
				SWIFT_OPTIMIZATION_LEVEL = "-Onone";
			};
			name = Debug;
		};
		211CC2182214E1950028A25D /* Release */ = {
			isa = XCBuildConfiguration;
			buildSettings = {
				ALWAYS_SEARCH_USER_PATHS = NO;
				CLANG_ANALYZER_NONNULL = YES;
				CLANG_ANALYZER_NUMBER_OBJECT_CONVERSION = YES_AGGRESSIVE;
				CLANG_CXX_LANGUAGE_STANDARD = "gnu++14";
				CLANG_CXX_LIBRARY = "libc++";
				CLANG_ENABLE_MODULES = YES;
				CLANG_ENABLE_OBJC_ARC = YES;
				CLANG_ENABLE_OBJC_WEAK = YES;
				CLANG_WARN_BLOCK_CAPTURE_AUTORELEASING = YES;
				CLANG_WARN_BOOL_CONVERSION = YES;
				CLANG_WARN_COMMA = YES;
				CLANG_WARN_CONSTANT_CONVERSION = YES;
				CLANG_WARN_DEPRECATED_OBJC_IMPLEMENTATIONS = YES;
				CLANG_WARN_DIRECT_OBJC_ISA_USAGE = YES_ERROR;
				CLANG_WARN_DOCUMENTATION_COMMENTS = YES;
				CLANG_WARN_EMPTY_BODY = YES;
				CLANG_WARN_ENUM_CONVERSION = YES;
				CLANG_WARN_INFINITE_RECURSION = YES;
				CLANG_WARN_INT_CONVERSION = YES;
				CLANG_WARN_NON_LITERAL_NULL_CONVERSION = YES;
				CLANG_WARN_OBJC_IMPLICIT_RETAIN_SELF = YES;
				CLANG_WARN_OBJC_LITERAL_CONVERSION = YES;
				CLANG_WARN_OBJC_ROOT_CLASS = YES_ERROR;
				CLANG_WARN_RANGE_LOOP_ANALYSIS = YES;
				CLANG_WARN_STRICT_PROTOTYPES = YES;
				CLANG_WARN_SUSPICIOUS_MOVE = YES;
				CLANG_WARN_UNGUARDED_AVAILABILITY = YES_AGGRESSIVE;
				CLANG_WARN_UNREACHABLE_CODE = YES;
				CLANG_WARN__DUPLICATE_METHOD_MATCH = YES;
				CODE_SIGN_IDENTITY = "iPhone Developer";
				COPY_PHASE_STRIP = NO;
				DEBUG_INFORMATION_FORMAT = "dwarf-with-dsym";
				ENABLE_NS_ASSERTIONS = NO;
				ENABLE_STRICT_OBJC_MSGSEND = YES;
				GCC_C_LANGUAGE_STANDARD = gnu11;
				GCC_NO_COMMON_BLOCKS = YES;
				GCC_WARN_64_TO_32_BIT_CONVERSION = YES;
				GCC_WARN_ABOUT_RETURN_TYPE = YES_ERROR;
				GCC_WARN_UNDECLARED_SELECTOR = YES;
				GCC_WARN_UNINITIALIZED_AUTOS = YES_AGGRESSIVE;
				GCC_WARN_UNUSED_FUNCTION = YES;
				GCC_WARN_UNUSED_VARIABLE = YES;
				IPHONEOS_DEPLOYMENT_TARGET = 12.1;
				MTL_ENABLE_DEBUG_INFO = NO;
				MTL_FAST_MATH = YES;
				SDKROOT = iphoneos;
				SWIFT_COMPILATION_MODE = wholemodule;
				SWIFT_OPTIMIZATION_LEVEL = "-O";
				VALIDATE_PRODUCT = YES;
			};
			name = Release;
		};
		211CC21A2214E1950028A25D /* Debug */ = {
			isa = XCBuildConfiguration;
			baseConfigurationReference = BE7CBBEF9B3DC46ECFAE8746 /* Pods-TextNow Chat App.debug.xcconfig */;
			buildSettings = {
				ASSETCATALOG_COMPILER_APPICON_NAME = AppIcon;
				CODE_SIGN_ENTITLEMENTS = "TextNow Chat App/TextNow Chat App.entitlements";
				CODE_SIGN_STYLE = Automatic;
				DEVELOPMENT_TEAM = NP8854APR4;
				INFOPLIST_FILE = "TextNow Chat App/Info.plist";
				LD_RUNPATH_SEARCH_PATHS = (
					"$(inherited)",
					"@executable_path/Frameworks",
				);
				PRODUCT_BUNDLE_IDENTIFIER = "com.Aarontreinish.TextNow-Chat-App";
				PRODUCT_NAME = "$(TARGET_NAME)";
				SWIFT_VERSION = 4.2;
				TARGETED_DEVICE_FAMILY = "1,2";
			};
			name = Debug;
		};
		211CC21B2214E1950028A25D /* Release */ = {
			isa = XCBuildConfiguration;
			baseConfigurationReference = D44A581486231B1ACB360499 /* Pods-TextNow Chat App.release.xcconfig */;
			buildSettings = {
				ASSETCATALOG_COMPILER_APPICON_NAME = AppIcon;
				CODE_SIGN_ENTITLEMENTS = "TextNow Chat App/TextNow Chat App.entitlements";
				CODE_SIGN_STYLE = Automatic;
				DEVELOPMENT_TEAM = NP8854APR4;
				INFOPLIST_FILE = "TextNow Chat App/Info.plist";
				LD_RUNPATH_SEARCH_PATHS = (
					"$(inherited)",
					"@executable_path/Frameworks",
				);
				PRODUCT_BUNDLE_IDENTIFIER = "com.Aarontreinish.TextNow-Chat-App";
				PRODUCT_NAME = "$(TARGET_NAME)";
				SWIFT_VERSION = 4.2;
				TARGETED_DEVICE_FAMILY = "1,2";
			};
			name = Release;
		};
/* End XCBuildConfiguration section */

/* Begin XCConfigurationList section */
		211CC2022214E1940028A25D /* Build configuration list for PBXProject "TextNow Chat App" */ = {
			isa = XCConfigurationList;
			buildConfigurations = (
				211CC2172214E1950028A25D /* Debug */,
				211CC2182214E1950028A25D /* Release */,
			);
			defaultConfigurationIsVisible = 0;
			defaultConfigurationName = Release;
		};
		211CC2192214E1950028A25D /* Build configuration list for PBXNativeTarget "TextNow Chat App" */ = {
			isa = XCConfigurationList;
			buildConfigurations = (
				211CC21A2214E1950028A25D /* Debug */,
				211CC21B2214E1950028A25D /* Release */,
			);
			defaultConfigurationIsVisible = 0;
			defaultConfigurationName = Release;
		};
/* End XCConfigurationList section */
	};
	rootObject = 211CC1FF2214E1940028A25D /* Project object */;
}
